// !$*UTF8*$!
{
	archiveVersion = 1;
	classes = {
	};
	objectVersion = 55;
	objects = {

/* Begin PBXBuildFile section */
		B8370B5528536F4A00193F0F /* AppDelegate.swift in Sources */ = {isa = PBXBuildFile; fileRef = B8370B5428536F4A00193F0F /* AppDelegate.swift */; };
		B8370B5728536F4A00193F0F /* SceneDelegate.swift in Sources */ = {isa = PBXBuildFile; fileRef = B8370B5628536F4A00193F0F /* SceneDelegate.swift */; };
		B8370B5928536F4A00193F0F /* TabBarController.swift in Sources */ = {isa = PBXBuildFile; fileRef = B8370B5828536F4A00193F0F /* TabBarController.swift */; };
		B8370B5E28536F4C00193F0F /* Assets.xcassets in Resources */ = {isa = PBXBuildFile; fileRef = B8370B5D28536F4C00193F0F /* Assets.xcassets */; };
		B8370B6128536F4C00193F0F /* LaunchScreen.storyboard in Resources */ = {isa = PBXBuildFile; fileRef = B8370B5F28536F4C00193F0F /* LaunchScreen.storyboard */; };
		B8370B6A28536FA000193F0F /* SnapKit in Frameworks */ = {isa = PBXBuildFile; productRef = B8370B6928536FA000193F0F /* SnapKit */; };
		B8370B6D28536FAF00193F0F /* Kingfisher in Frameworks */ = {isa = PBXBuildFile; productRef = B8370B6C28536FAF00193F0F /* Kingfisher */; };
		B8370B73285377FF00193F0F /* TodayViewController.swift in Sources */ = {isa = PBXBuildFile; fileRef = B8370B72285377FF00193F0F /* TodayViewController.swift */; };
		B8370B75285382E000193F0F /* TodayCollectionViewCell.swift in Sources */ = {isa = PBXBuildFile; fileRef = B8370B74285382DF00193F0F /* TodayCollectionViewCell.swift */; };
		B8370B77285387AF00193F0F /* TodayCollectionHeaderView.swift in Sources */ = {isa = PBXBuildFile; fileRef = B8370B76285387AF00193F0F /* TodayCollectionHeaderView.swift */; };
		B8A91D492854D427001334B2 /* AppViewController.swift in Sources */ = {isa = PBXBuildFile; fileRef = B8A91D482854D427001334B2 /* AppViewController.swift */; };
		B8A91D4B2854D8C7001334B2 /* FeatureSectionView.swift in Sources */ = {isa = PBXBuildFile; fileRef = B8A91D4A2854D8C7001334B2 /* FeatureSectionView.swift */; };
		B8A91D4D2854D8D9001334B2 /* RankingFeatureSectionView.swift in Sources */ = {isa = PBXBuildFile; fileRef = B8A91D4C2854D8D9001334B2 /* RankingFeatureSectionView.swift */; };
		B8A91D4F2854D8E6001334B2 /* ExchangeCodeButtonView.swift in Sources */ = {isa = PBXBuildFile; fileRef = B8A91D4E2854D8E6001334B2 /* ExchangeCodeButtonView.swift */; };
		B8A91D512854DD3D001334B2 /* FeatureSectionCollectionViewCell.swift in Sources */ = {isa = PBXBuildFile; fileRef = B8A91D502854DD3D001334B2 /* FeatureSectionCollectionViewCell.swift */; };
		B8A91D532854E60A001334B2 /* SeperatorView.swift in Sources */ = {isa = PBXBuildFile; fileRef = B8A91D522854E60A001334B2 /* SeperatorView.swift */; };
/* End PBXBuildFile section */

/* Begin PBXFileReference section */
		B8370B5128536F4A00193F0F /* AppStore.app */ = {isa = PBXFileReference; explicitFileType = wrapper.application; includeInIndex = 0; path = AppStore.app; sourceTree = BUILT_PRODUCTS_DIR; };
		B8370B5428536F4A00193F0F /* AppDelegate.swift */ = {isa = PBXFileReference; lastKnownFileType = sourcecode.swift; path = AppDelegate.swift; sourceTree = "<group>"; };
		B8370B5628536F4A00193F0F /* SceneDelegate.swift */ = {isa = PBXFileReference; lastKnownFileType = sourcecode.swift; path = SceneDelegate.swift; sourceTree = "<group>"; };
		B8370B5828536F4A00193F0F /* TabBarController.swift */ = {isa = PBXFileReference; lastKnownFileType = sourcecode.swift; path = TabBarController.swift; sourceTree = "<group>"; };
		B8370B5D28536F4C00193F0F /* Assets.xcassets */ = {isa = PBXFileReference; lastKnownFileType = folder.assetcatalog; path = Assets.xcassets; sourceTree = "<group>"; };
		B8370B6028536F4C00193F0F /* Base */ = {isa = PBXFileReference; lastKnownFileType = file.storyboard; name = Base; path = Base.lproj/LaunchScreen.storyboard; sourceTree = "<group>"; };
		B8370B6228536F4C00193F0F /* Info.plist */ = {isa = PBXFileReference; lastKnownFileType = text.plist.xml; path = Info.plist; sourceTree = "<group>"; };
		B8370B72285377FF00193F0F /* TodayViewController.swift */ = {isa = PBXFileReference; lastKnownFileType = sourcecode.swift; path = TodayViewController.swift; sourceTree = "<group>"; };
		B8370B74285382DF00193F0F /* TodayCollectionViewCell.swift */ = {isa = PBXFileReference; lastKnownFileType = sourcecode.swift; path = TodayCollectionViewCell.swift; sourceTree = "<group>"; };
		B8370B76285387AF00193F0F /* TodayCollectionHeaderView.swift */ = {isa = PBXFileReference; lastKnownFileType = sourcecode.swift; path = TodayCollectionHeaderView.swift; sourceTree = "<group>"; };
		B8A91D482854D427001334B2 /* AppViewController.swift */ = {isa = PBXFileReference; lastKnownFileType = sourcecode.swift; path = AppViewController.swift; sourceTree = "<group>"; };
		B8A91D4A2854D8C7001334B2 /* FeatureSectionView.swift */ = {isa = PBXFileReference; lastKnownFileType = sourcecode.swift; path = FeatureSectionView.swift; sourceTree = "<group>"; };
		B8A91D4C2854D8D9001334B2 /* RankingFeatureSectionView.swift */ = {isa = PBXFileReference; lastKnownFileType = sourcecode.swift; path = RankingFeatureSectionView.swift; sourceTree = "<group>"; };
		B8A91D4E2854D8E6001334B2 /* ExchangeCodeButtonView.swift */ = {isa = PBXFileReference; lastKnownFileType = sourcecode.swift; path = ExchangeCodeButtonView.swift; sourceTree = "<group>"; };
		B8A91D502854DD3D001334B2 /* FeatureSectionCollectionViewCell.swift */ = {isa = PBXFileReference; lastKnownFileType = sourcecode.swift; path = FeatureSectionCollectionViewCell.swift; sourceTree = "<group>"; };
		B8A91D522854E60A001334B2 /* SeperatorView.swift */ = {isa = PBXFileReference; lastKnownFileType = sourcecode.swift; path = SeperatorView.swift; sourceTree = "<group>"; };
/* End PBXFileReference section */

/* Begin PBXFrameworksBuildPhase section */
		B8370B4E28536F4A00193F0F /* Frameworks */ = {
			isa = PBXFrameworksBuildPhase;
			buildActionMask = 2147483647;
			files = (
				B8370B6D28536FAF00193F0F /* Kingfisher in Frameworks */,
				B8370B6A28536FA000193F0F /* SnapKit in Frameworks */,
			);
			runOnlyForDeploymentPostprocessing = 0;
		};
/* End PBXFrameworksBuildPhase section */

/* Begin PBXGroup section */
		B8370B4828536F4A00193F0F = {
			isa = PBXGroup;
			children = (
				B8370B5328536F4A00193F0F /* AppStore */,
				B8370B5228536F4A00193F0F /* Products */,
			);
			sourceTree = "<group>";
		};
		B8370B5228536F4A00193F0F /* Products */ = {
			isa = PBXGroup;
			children = (
				B8370B5128536F4A00193F0F /* AppStore.app */,
			);
			name = Products;
			sourceTree = "<group>";
		};
		B8370B5328536F4A00193F0F /* AppStore */ = {
			isa = PBXGroup;
			children = (
				B8370B5428536F4A00193F0F /* AppDelegate.swift */,
				B8370B5628536F4A00193F0F /* SceneDelegate.swift */,
				B8370B70285377D400193F0F /* Scenes */,
				B8370B5D28536F4C00193F0F /* Assets.xcassets */,
				B8370B5F28536F4C00193F0F /* LaunchScreen.storyboard */,
				B8370B6228536F4C00193F0F /* Info.plist */,
			);
			path = AppStore;
			sourceTree = "<group>";
		};
		B8370B70285377D400193F0F /* Scenes */ = {
			isa = PBXGroup;
			children = (
				B8A91D472854D415001334B2 /* App */,
				B8370B71285377EC00193F0F /* Today */,
				B8370B5828536F4A00193F0F /* TabBarController.swift */,
			);
			path = Scenes;
			sourceTree = "<group>";
		};
		B8370B71285377EC00193F0F /* Today */ = {
			isa = PBXGroup;
			children = (
				B8370B72285377FF00193F0F /* TodayViewController.swift */,
				B8370B74285382DF00193F0F /* TodayCollectionViewCell.swift */,
				B8370B76285387AF00193F0F /* TodayCollectionHeaderView.swift */,
			);
			name = Today;
			sourceTree = "<group>";
		};
		B8A91D472854D415001334B2 /* App */ = {
			isa = PBXGroup;
			children = (
				B8A91D482854D427001334B2 /* AppViewController.swift */,
				B8A91D4A2854D8C7001334B2 /* FeatureSectionView.swift */,
				B8A91D502854DD3D001334B2 /* FeatureSectionCollectionViewCell.swift */,
				B8A91D4C2854D8D9001334B2 /* RankingFeatureSectionView.swift */,
				B8A91D4E2854D8E6001334B2 /* ExchangeCodeButtonView.swift */,
				B8A91D522854E60A001334B2 /* SeperatorView.swift */,
			);
			name = App;
			sourceTree = "<group>";
		};
/* End PBXGroup section */

/* Begin PBXNativeTarget section */
		B8370B5028536F4A00193F0F /* AppStore */ = {
			isa = PBXNativeTarget;
			buildConfigurationList = B8370B6528536F4C00193F0F /* Build configuration list for PBXNativeTarget "AppStore" */;
			buildPhases = (
				B8370B4D28536F4A00193F0F /* Sources */,
				B8370B4E28536F4A00193F0F /* Frameworks */,
				B8370B4F28536F4A00193F0F /* Resources */,
			);
			buildRules = (
			);
			dependencies = (
			);
			name = AppStore;
			packageProductDependencies = (
				B8370B6928536FA000193F0F /* SnapKit */,
				B8370B6C28536FAF00193F0F /* Kingfisher */,
			);
			productName = AppStore;
			productReference = B8370B5128536F4A00193F0F /* AppStore.app */;
			productType = "com.apple.product-type.application";
		};
/* End PBXNativeTarget section */

/* Begin PBXProject section */
		B8370B4928536F4A00193F0F /* Project object */ = {
			isa = PBXProject;
			attributes = {
				BuildIndependentTargetsInParallel = 1;
				LastSwiftUpdateCheck = 1330;
				LastUpgradeCheck = 1330;
				TargetAttributes = {
					B8370B5028536F4A00193F0F = {
						CreatedOnToolsVersion = 13.3;
					};
				};
			};
			buildConfigurationList = B8370B4C28536F4A00193F0F /* Build configuration list for PBXProject "AppStore" */;
			compatibilityVersion = "Xcode 13.0";
			developmentRegion = en;
			hasScannedForEncodings = 0;
			knownRegions = (
				en,
				Base,
			);
			mainGroup = B8370B4828536F4A00193F0F;
			packageReferences = (
				B8370B6828536FA000193F0F /* XCRemoteSwiftPackageReference "SnapKit" */,
				B8370B6B28536FAF00193F0F /* XCRemoteSwiftPackageReference "Kingfisher" */,
			);
			productRefGroup = B8370B5228536F4A00193F0F /* Products */;
			projectDirPath = "";
			projectRoot = "";
			targets = (
				B8370B5028536F4A00193F0F /* AppStore */,
			);
		};
/* End PBXProject section */

/* Begin PBXResourcesBuildPhase section */
		B8370B4F28536F4A00193F0F /* Resources */ = {
			isa = PBXResourcesBuildPhase;
			buildActionMask = 2147483647;
			files = (
				B8370B6128536F4C00193F0F /* LaunchScreen.storyboard in Resources */,
				B8370B5E28536F4C00193F0F /* Assets.xcassets in Resources */,
			);
			runOnlyForDeploymentPostprocessing = 0;
		};
/* End PBXResourcesBuildPhase section */

/* Begin PBXSourcesBuildPhase section */
		B8370B4D28536F4A00193F0F /* Sources */ = {
			isa = PBXSourcesBuildPhase;
			buildActionMask = 2147483647;
			files = (
				B8A91D532854E60A001334B2 /* SeperatorView.swift in Sources */,
				B8A91D512854DD3D001334B2 /* FeatureSectionCollectionViewCell.swift in Sources */,
				B8370B73285377FF00193F0F /* TodayViewController.swift in Sources */,
				B8370B5928536F4A00193F0F /* TabBarController.swift in Sources */,
				B8370B5528536F4A00193F0F /* AppDelegate.swift in Sources */,
				B8370B77285387AF00193F0F /* TodayCollectionHeaderView.swift in Sources */,
				B8A91D492854D427001334B2 /* AppViewController.swift in Sources */,
				B8370B5728536F4A00193F0F /* SceneDelegate.swift in Sources */,
				B8A91D4F2854D8E6001334B2 /* ExchangeCodeButtonView.swift in Sources */,
				B8A91D4D2854D8D9001334B2 /* RankingFeatureSectionView.swift in Sources */,
				B8370B75285382E000193F0F /* TodayCollectionViewCell.swift in Sources */,
				B8A91D4B2854D8C7001334B2 /* FeatureSectionView.swift in Sources */,
			);
			runOnlyForDeploymentPostprocessing = 0;
		};
/* End PBXSourcesBuildPhase section */

/* Begin PBXVariantGroup section */
		B8370B5F28536F4C00193F0F /* LaunchScreen.storyboard */ = {
			isa = PBXVariantGroup;
			children = (
				B8370B6028536F4C00193F0F /* Base */,
			);
			name = LaunchScreen.storyboard;
			sourceTree = "<group>";
		};
/* End PBXVariantGroup section */

/* Begin XCBuildConfiguration section */
		B8370B6328536F4C00193F0F /* Debug */ = {
			isa = XCBuildConfiguration;
			buildSettings = {
				ALWAYS_SEARCH_USER_PATHS = NO;
				CLANG_ANALYZER_NONNULL = YES;
				CLANG_ANALYZER_NUMBER_OBJECT_CONVERSION = YES_AGGRESSIVE;
				CLANG_CXX_LANGUAGE_STANDARD = "gnu++17";
				CLANG_ENABLE_MODULES = YES;
				CLANG_ENABLE_OBJC_ARC = YES;
				CLANG_ENABLE_OBJC_WEAK = YES;
				CLANG_WARN_BLOCK_CAPTURE_AUTORELEASING = YES;
				CLANG_WARN_BOOL_CONVERSION = YES;
				CLANG_WARN_COMMA = YES;
				CLANG_WARN_CONSTANT_CONVERSION = YES;
				CLANG_WARN_DEPRECATED_OBJC_IMPLEMENTATIONS = YES;
				CLANG_WARN_DIRECT_OBJC_ISA_USAGE = YES_ERROR;
				CLANG_WARN_DOCUMENTATION_COMMENTS = YES;
				CLANG_WARN_EMPTY_BODY = YES;
				CLANG_WARN_ENUM_CONVERSION = YES;
				CLANG_WARN_INFINITE_RECURSION = YES;
				CLANG_WARN_INT_CONVERSION = YES;
				CLANG_WARN_NON_LITERAL_NULL_CONVERSION = YES;
				CLANG_WARN_OBJC_IMPLICIT_RETAIN_SELF = YES;
				CLANG_WARN_OBJC_LITERAL_CONVERSION = YES;
				CLANG_WARN_OBJC_ROOT_CLASS = YES_ERROR;
				CLANG_WARN_QUOTED_INCLUDE_IN_FRAMEWORK_HEADER = YES;
				CLANG_WARN_RANGE_LOOP_ANALYSIS = YES;
				CLANG_WARN_STRICT_PROTOTYPES = YES;
				CLANG_WARN_SUSPICIOUS_MOVE = YES;
				CLANG_WARN_UNGUARDED_AVAILABILITY = YES_AGGRESSIVE;
				CLANG_WARN_UNREACHABLE_CODE = YES;
				CLANG_WARN__DUPLICATE_METHOD_MATCH = YES;
				COPY_PHASE_STRIP = NO;
				DEBUG_INFORMATION_FORMAT = dwarf;
				ENABLE_STRICT_OBJC_MSGSEND = YES;
				ENABLE_TESTABILITY = YES;
				GCC_C_LANGUAGE_STANDARD = gnu11;
				GCC_DYNAMIC_NO_PIC = NO;
				GCC_NO_COMMON_BLOCKS = YES;
				GCC_OPTIMIZATION_LEVEL = 0;
				GCC_PREPROCESSOR_DEFINITIONS = (
					"DEBUG=1",
					"$(inherited)",
				);
				GCC_WARN_64_TO_32_BIT_CONVERSION = YES;
				GCC_WARN_ABOUT_RETURN_TYPE = YES_ERROR;
				GCC_WARN_UNDECLARED_SELECTOR = YES;
				GCC_WARN_UNINITIALIZED_AUTOS = YES_AGGRESSIVE;
				GCC_WARN_UNUSED_FUNCTION = YES;
				GCC_WARN_UNUSED_VARIABLE = YES;
				IPHONEOS_DEPLOYMENT_TARGET = 15.4;
				MTL_ENABLE_DEBUG_INFO = INCLUDE_SOURCE;
				MTL_FAST_MATH = YES;
				ONLY_ACTIVE_ARCH = YES;
				SDKROOT = iphoneos;
				SWIFT_ACTIVE_COMPILATION_CONDITIONS = DEBUG;
				SWIFT_OPTIMIZATION_LEVEL = "-Onone";
			};
			name = Debug;
		};
		B8370B6428536F4C00193F0F /* Release */ = {
			isa = XCBuildConfiguration;
			buildSettings = {
				ALWAYS_SEARCH_USER_PATHS = NO;
				CLANG_ANALYZER_NONNULL = YES;
				CLANG_ANALYZER_NUMBER_OBJECT_CONVERSION = YES_AGGRESSIVE;
				CLANG_CXX_LANGUAGE_STANDARD = "gnu++17";
				CLANG_ENABLE_MODULES = YES;
				CLANG_ENABLE_OBJC_ARC = YES;
				CLANG_ENABLE_OBJC_WEAK = YES;
				CLANG_WARN_BLOCK_CAPTURE_AUTORELEASING = YES;
				CLANG_WARN_BOOL_CONVERSION = YES;
				CLANG_WARN_COMMA = YES;
				CLANG_WARN_CONSTANT_CONVERSION = YES;
				CLANG_WARN_DEPRECATED_OBJC_IMPLEMENTATIONS = YES;
				CLANG_WARN_DIRECT_OBJC_ISA_USAGE = YES_ERROR;
				CLANG_WARN_DOCUMENTATION_COMMENTS = YES;
				CLANG_WARN_EMPTY_BODY = YES;
				CLANG_WARN_ENUM_CONVERSION = YES;
				CLANG_WARN_INFINITE_RECURSION = YES;
				CLANG_WARN_INT_CONVERSION = YES;
				CLANG_WARN_NON_LITERAL_NULL_CONVERSION = YES;
				CLANG_WARN_OBJC_IMPLICIT_RETAIN_SELF = YES;
				CLANG_WARN_OBJC_LITERAL_CONVERSION = YES;
				CLANG_WARN_OBJC_ROOT_CLASS = YES_ERROR;
				CLANG_WARN_QUOTED_INCLUDE_IN_FRAMEWORK_HEADER = YES;
				CLANG_WARN_RANGE_LOOP_ANALYSIS = YES;
				CLANG_WARN_STRICT_PROTOTYPES = YES;
				CLANG_WARN_SUSPICIOUS_MOVE = YES;
				CLANG_WARN_UNGUARDED_AVAILABILITY = YES_AGGRESSIVE;
				CLANG_WARN_UNREACHABLE_CODE = YES;
				CLANG_WARN__DUPLICATE_METHOD_MATCH = YES;
				COPY_PHASE_STRIP = NO;
				DEBUG_INFORMATION_FORMAT = "dwarf-with-dsym";
				ENABLE_NS_ASSERTIONS = NO;
				ENABLE_STRICT_OBJC_MSGSEND = YES;
				GCC_C_LANGUAGE_STANDARD = gnu11;
				GCC_NO_COMMON_BLOCKS = YES;
				GCC_WARN_64_TO_32_BIT_CONVERSION = YES;
				GCC_WARN_ABOUT_RETURN_TYPE = YES_ERROR;
				GCC_WARN_UNDECLARED_SELECTOR = YES;
				GCC_WARN_UNINITIALIZED_AUTOS = YES_AGGRESSIVE;
				GCC_WARN_UNUSED_FUNCTION = YES;
				GCC_WARN_UNUSED_VARIABLE = YES;
				IPHONEOS_DEPLOYMENT_TARGET = 15.4;
				MTL_ENABLE_DEBUG_INFO = NO;
				MTL_FAST_MATH = YES;
				SDKROOT = iphoneos;
				SWIFT_COMPILATION_MODE = wholemodule;
				SWIFT_OPTIMIZATION_LEVEL = "-O";
				VALIDATE_PRODUCT = YES;
			};
			name = Release;
		};
		B8370B6628536F4C00193F0F /* Debug */ = {
			isa = XCBuildConfiguration;
			buildSettings = {
				ASSETCATALOG_COMPILER_APPICON_NAME = AppIcon;
				ASSETCATALOG_COMPILER_GLOBAL_ACCENT_COLOR_NAME = AccentColor;
				CODE_SIGN_STYLE = Automatic;
				CURRENT_PROJECT_VERSION = 1;
				DEVELOPMENT_TEAM = 35C3S834CG;
				GENERATE_INFOPLIST_FILE = YES;
				INFOPLIST_FILE = AppStore/Info.plist;
				INFOPLIST_KEY_UIApplicationSupportsIndirectInputEvents = YES;
				INFOPLIST_KEY_UILaunchStoryboardName = LaunchScreen;
				INFOPLIST_KEY_UISupportedInterfaceOrientations_iPad = "UIInterfaceOrientationPortrait UIInterfaceOrientationPortraitUpsideDown UIInterfaceOrientationLandscapeLeft UIInterfaceOrientationLandscapeRight";
				INFOPLIST_KEY_UISupportedInterfaceOrientations_iPhone = "UIInterfaceOrientationPortrait UIInterfaceOrientationLandscapeLeft UIInterfaceOrientationLandscapeRight";
				LD_RUNPATH_SEARCH_PATHS = (
					"$(inherited)",
					"@executable_path/Frameworks",
				);
				MARKETING_VERSION = 1.0;
				PRODUCT_BUNDLE_IDENTIFIER = kr.co.junotest01.AppStore;
				PRODUCT_NAME = "$(TARGET_NAME)";
				SWIFT_EMIT_LOC_STRINGS = YES;
				SWIFT_VERSION = 5.0;
				TARGETED_DEVICE_FAMILY = "1,2";
			};
			name = Debug;
		};
		B8370B6728536F4C00193F0F /* Release */ = {
			isa = XCBuildConfiguration;
			buildSettings = {
				ASSETCATALOG_COMPILER_APPICON_NAME = AppIcon;
				ASSETCATALOG_COMPILER_GLOBAL_ACCENT_COLOR_NAME = AccentColor;
				CODE_SIGN_STYLE = Automatic;
				CURRENT_PROJECT_VERSION = 1;
				DEVELOPMENT_TEAM = 35C3S834CG;
				GENERATE_INFOPLIST_FILE = YES;
				INFOPLIST_FILE = AppStore/Info.plist;
				INFOPLIST_KEY_UIApplicationSupportsIndirectInputEvents = YES;
				INFOPLIST_KEY_UILaunchStoryboardName = LaunchScreen;
				INFOPLIST_KEY_UISupportedInterfaceOrientations_iPad = "UIInterfaceOrientationPortrait UIInterfaceOrientationPortraitUpsideDown UIInterfaceOrientationLandscapeLeft UIInterfaceOrientationLandscapeRight";
				INFOPLIST_KEY_UISupportedInterfaceOrientations_iPhone = "UIInterfaceOrientationPortrait UIInterfaceOrientationLandscapeLeft UIInterfaceOrientationLandscapeRight";
				LD_RUNPATH_SEARCH_PATHS = (
					"$(inherited)",
					"@executable_path/Frameworks",
				);
				MARKETING_VERSION = 1.0;
				PRODUCT_BUNDLE_IDENTIFIER = kr.co.junotest01.AppStore;
				PRODUCT_NAME = "$(TARGET_NAME)";
				SWIFT_EMIT_LOC_STRINGS = YES;
				SWIFT_VERSION = 5.0;
				TARGETED_DEVICE_FAMILY = "1,2";
			};
			name = Release;
		};
/* End XCBuildConfiguration section */

/* Begin XCConfigurationList section */
		B8370B4C28536F4A00193F0F /* Build configuration list for PBXProject "AppStore" */ = {
			isa = XCConfigurationList;
			buildConfigurations = (
				B8370B6328536F4C00193F0F /* Debug */,
				B8370B6428536F4C00193F0F /* Release */,
			);
			defaultConfigurationIsVisible = 0;
			defaultConfigurationName = Release;
		};
		B8370B6528536F4C00193F0F /* Build configuration list for PBXNativeTarget "AppStore" */ = {
			isa = XCConfigurationList;
			buildConfigurations = (
				B8370B6628536F4C00193F0F /* Debug */,
				B8370B6728536F4C00193F0F /* Release */,
			);
			defaultConfigurationIsVisible = 0;
			defaultConfigurationName = Release;
		};
/* End XCConfigurationList section */

/* Begin XCRemoteSwiftPackageReference section */
		B8370B6828536FA000193F0F /* XCRemoteSwiftPackageReference "SnapKit" */ = {
			isa = XCRemoteSwiftPackageReference;
			repositoryURL = "https://github.com/SnapKit/SnapKit.git";
			requirement = {
				kind = upToNextMajorVersion;
				minimumVersion = 5.0.0;
			};
		};
		B8370B6B28536FAF00193F0F /* XCRemoteSwiftPackageReference "Kingfisher" */ = {
			isa = XCRemoteSwiftPackageReference;
			repositoryURL = "https://github.com/onevcat/Kingfisher.git";
			requirement = {
				branch = master;
				kind = branch;
			};
		};
/* End XCRemoteSwiftPackageReference section */

/* Begin XCSwiftPackageProductDependency section */
		B8370B6928536FA000193F0F /* SnapKit */ = {
			isa = XCSwiftPackageProductDependency;
			package = B8370B6828536FA000193F0F /* XCRemoteSwiftPackageReference "SnapKit" */;
			productName = SnapKit;
		};
		B8370B6C28536FAF00193F0F /* Kingfisher */ = {
			isa = XCSwiftPackageProductDependency;
			package = B8370B6B28536FAF00193F0F /* XCRemoteSwiftPackageReference "Kingfisher" */;
			productName = Kingfisher;
		};
/* End XCSwiftPackageProductDependency section */
	};
	rootObject = B8370B4928536F4A00193F0F /* Project object */;
}
